
Microsoft Visual Studio Solution File, Format Version 12.00
# Visual Studio Version 17
VisualStudioVersion = 17.14.36511.14 d17.14
MinimumVisualStudioVersion = 10.0.40219.1
Project("{FAE04EC0-301F-11D3-BF4B-00C04F79EFBC}") = "HundeKlub", "HundeKlub\HundeKlub.csproj", "{BCB37BAA-E874-413E-82E5-D3A77CB97A14}"
EndProject
Global
	GlobalSection(SolutionConfigurationPlatforms) = preSolution
		Debug|Any CPU = Debug|Any CPU
		Release|Any CPU = Release|Any CPU
	EndGlobalSection
	GlobalSection(ProjectConfigurationPlatforms) = postSolution
		{BCB37BAA-E874-413E-82E5-D3A77CB97A14}.Debug|Any CPU.ActiveCfg = Debug|Any CPU
		{BCB37BAA-E874-413E-82E5-D3A77CB97A14}.Debug|Any CPU.Build.0 = Debug|Any CPU
		{BCB37BAA-E874-413E-82E5-D3A77CB97A14}.Release|Any CPU.ActiveCfg = Release|Any CPU
		{BCB37BAA-E874-413E-82E5-D3A77CB97A14}.Release|Any CPU.Build.0 = Release|Any CPU
	EndGlobalSection
	GlobalSection(SolutionProperties) = preSolution
		HideSolutionNode = FALSE
	EndGlobalSection
	GlobalSection(ExtensibilityGlobals) = postSolution
		SolutionGuid = {C418A69C-1AE4-4BAE-BF77-824B4A77F4A9}
	EndGlobalSection
EndGlobal
